
Microsoft Visual Studio Solution File, Format Version 12.00
# Visual Studio Version 17
VisualStudioVersion = 17.5.33424.131
MinimumVisualStudioVersion = 10.0.40219.1
Project("{8BC9CEB8-8B4A-11D0-8D11-00A0C91BC942}") = "OnlineClass", "OnlineClass\OnlineClass.vcxproj", "{770C9D1F-5CC2-48BD-B1A9-E4B5D8A01B0E}"
EndProject
Project("{8BC9CEB8-8B4A-11D0-8D11-00A0C91BC942}") = "LoopingOnline2", "LoopingOnline2\LoopingOnline2.vcxproj", "{DA1185D8-F721-4656-85EC-A54B04457265}"
EndProject
Global
	GlobalSection(SolutionConfigurationPlatforms) = preSolution
		Debug|x64 = Debug|x64
		Debug|x86 = Debug|x86
		Release|x64 = Release|x64
		Release|x86 = Release|x86
	EndGlobalSection
	GlobalSection(ProjectConfigurationPlatforms) = postSolution
		{770C9D1F-5CC2-48BD-B1A9-E4B5D8A01B0E}.Debug|x64.ActiveCfg = Debug|x64
		{770C9D1F-5CC2-48BD-B1A9-E4B5D8A01B0E}.Debug|x64.Build.0 = Debug|x64
		{770C9D1F-5CC2-48BD-B1A9-E4B5D8A01B0E}.Debug|x86.ActiveCfg = Debug|Win32
		{770C9D1F-5CC2-48BD-B1A9-E4B5D8A01B0E}.Debug|x86.Build.0 = Debug|Win32
		{770C9D1F-5CC2-48BD-B1A9-E4B5D8A01B0E}.Release|x64.ActiveCfg = Release|x64
		{770C9D1F-5CC2-48BD-B1A9-E4B5D8A01B0E}.Release|x64.Build.0 = Release|x64
		{770C9D1F-5CC2-48BD-B1A9-E4B5D8A01B0E}.Release|x86.ActiveCfg = Release|Win32
		{770C9D1F-5CC2-48BD-B1A9-E4B5D8A01B0E}.Release|x86.Build.0 = Release|Win32
		{DA1185D8-F721-4656-85EC-A54B04457265}.Debug|x64.ActiveCfg = Debug|x64
		{DA1185D8-F721-4656-85EC-A54B04457265}.Debug|x64.Build.0 = Debug|x64
		{DA1185D8-F721-4656-85EC-A54B04457265}.Debug|x86.ActiveCfg = Debug|Win32
		{DA1185D8-F721-4656-85EC-A54B04457265}.Debug|x86.Build.0 = Debug|Win32
		{DA1185D8-F721-4656-85EC-A54B04457265}.Release|x64.ActiveCfg = Release|x64
		{DA1185D8-F721-4656-85EC-A54B04457265}.Release|x64.Build.0 = Release|x64
		{DA1185D8-F721-4656-85EC-A54B04457265}.Release|x86.ActiveCfg = Release|Win32
		{DA1185D8-F721-4656-85EC-A54B04457265}.Release|x86.Build.0 = Release|Win32
	EndGlobalSection
	GlobalSection(SolutionProperties) = preSolution
		HideSolutionNode = FALSE
	EndGlobalSection
	GlobalSection(ExtensibilityGlobals) = postSolution
		SolutionGuid = {31343ECB-2063-4A06-9747-EA3FEAA6AA9D}
	EndGlobalSection
EndGlobal
